
Microsoft Visual Studio Solution File, Format Version 12.00
# Visual Studio Version 16
VisualStudioVersion = 16.0.29613.14
MinimumVisualStudioVersion = 10.0.40219.1
Project("{888888A0-9F3D-457C-B088-3A5042F75D52}") = "photo_to_text", "photo_to_text.pyproj", "{7DCC06E9-5FFF-4B4D-912E-43A2E413EFDE}"
EndProject
Global
	GlobalSection(SolutionConfigurationPlatforms) = preSolution
		Debug|Any CPU = Debug|Any CPU
		Release|Any CPU = Release|Any CPU
	EndGlobalSection
	GlobalSection(ProjectConfigurationPlatforms) = postSolution
		{7DCC06E9-5FFF-4B4D-912E-43A2E413EFDE}.Debug|Any CPU.ActiveCfg = Debug|Any CPU
		{7DCC06E9-5FFF-4B4D-912E-43A2E413EFDE}.Release|Any CPU.ActiveCfg = Release|Any CPU
	EndGlobalSection
	GlobalSection(SolutionProperties) = preSolution
		HideSolutionNode = FALSE
	EndGlobalSection
	GlobalSection(ExtensibilityGlobals) = postSolution
		SolutionGuid = {2A079191-531A-4B55-A3C1-41FBDA0B8E2C}
	EndGlobalSection
EndGlobal
